
Microsoft Visual Studio Solution File, Format Version 12.00
# Visual Studio 15
Project("{FAE04EC0-301F-11D3-BF4B-00C04F79EFBC}") = "Blazorapp", "Blazorapp\Blazorapp.csproj", "{82AACBE0-7ABF-43F8-8DEE-283B51565DFD}"
EndProject
Project("{FAE04EC0-301F-11D3-BF4B-00C04F79EFBC}") = "DataAccess", "DataAccess\DataAccess.csproj", "{9421701D-F5BC-430E-9993-2ABD4BE6C2B6}"
EndProject
Global
	GlobalSection(SolutionConfigurationPlatforms) = preSolution
		Debug|Any CPU = Debug|Any CPU
		Release|Any CPU = Release|Any CPU
	EndGlobalSection
	GlobalSection(ProjectConfigurationPlatforms) = postSolution
		{82AACBE0-7ABF-43F8-8DEE-283B51565DFD}.Debug|Any CPU.ActiveCfg = Debug|Any CPU
		{82AACBE0-7ABF-43F8-8DEE-283B51565DFD}.Debug|Any CPU.Build.0 = Debug|Any CPU
		{82AACBE0-7ABF-43F8-8DEE-283B51565DFD}.Release|Any CPU.ActiveCfg = Release|Any CPU
		{82AACBE0-7ABF-43F8-8DEE-283B51565DFD}.Release|Any CPU.Build.0 = Release|Any CPU
		{9421701D-F5BC-430E-9993-2ABD4BE6C2B6}.Debug|Any CPU.ActiveCfg = Debug|Any CPU
		{9421701D-F5BC-430E-9993-2ABD4BE6C2B6}.Debug|Any CPU.Build.0 = Debug|Any CPU
		{9421701D-F5BC-430E-9993-2ABD4BE6C2B6}.Release|Any CPU.ActiveCfg = Release|Any CPU
		{9421701D-F5BC-430E-9993-2ABD4BE6C2B6}.Release|Any CPU.Build.0 = Release|Any CPU
	EndGlobalSection
EndGlobal
